
Microsoft Visual Studio Solution File, Format Version 12.00
# Visual Studio Version 17
VisualStudioVersion = 17.14.36408.4 d17.14
MinimumVisualStudioVersion = 10.0.40219.1
Project("{FAE04EC0-301F-11D3-BF4B-00C04F79EFBC}") = "ProjectoU1SnowRiderChallenge", "ProjectoU1SnowRiderChallenge.csproj", "{0EA405A3-5C1C-409D-9B75-EFE30818742D}"
EndProject
Global
	GlobalSection(SolutionConfigurationPlatforms) = preSolution
		Debug|Any CPU = Debug|Any CPU
		Release|Any CPU = Release|Any CPU
	EndGlobalSection
	GlobalSection(ProjectConfigurationPlatforms) = postSolution
		{0EA405A3-5C1C-409D-9B75-EFE30818742D}.Debug|Any CPU.ActiveCfg = Debug|Any CPU
		{0EA405A3-5C1C-409D-9B75-EFE30818742D}.Debug|Any CPU.Build.0 = Debug|Any CPU
		{0EA405A3-5C1C-409D-9B75-EFE30818742D}.Release|Any CPU.ActiveCfg = Release|Any CPU
		{0EA405A3-5C1C-409D-9B75-EFE30818742D}.Release|Any CPU.Build.0 = Release|Any CPU
	EndGlobalSection
	GlobalSection(SolutionProperties) = preSolution
		HideSolutionNode = FALSE
	EndGlobalSection
	GlobalSection(ExtensibilityGlobals) = postSolution
		SolutionGuid = {D23D3970-EC9D-4AE6-8805-CF99D96B2508}
	EndGlobalSection
EndGlobal
